
Microsoft Visual Studio Solution File, Format Version 12.00
# Visual Studio 14
VisualStudioVersion = 14.0.25123.0
MinimumVisualStudioVersion = 10.0.40219.1
Project("{FAE04EC0-301F-11D3-BF4B-00C04F79EFBC}") = "AssertSamples", "AssertSamples\AssertSamples.csproj", "{B024D054-B126-4782-A919-4FB856D6A8F7}"
EndProject
Project("{FAE04EC0-301F-11D3-BF4B-00C04F79EFBC}") = "AssertSamples.Tests", "AssertSamples.Tests\AssertSamples.Tests.csproj", "{394E06E7-46DC-4AA6-9CB8-BF82FDCB82F1}"
EndProject
Global
	GlobalSection(SolutionConfigurationPlatforms) = preSolution
		Debug|Any CPU = Debug|Any CPU
		Release|Any CPU = Release|Any CPU
	EndGlobalSection
	GlobalSection(ProjectConfigurationPlatforms) = postSolution
		{B024D054-B126-4782-A919-4FB856D6A8F7}.Debug|Any CPU.ActiveCfg = Debug|Any CPU
		{B024D054-B126-4782-A919-4FB856D6A8F7}.Debug|Any CPU.Build.0 = Debug|Any CPU
		{B024D054-B126-4782-A919-4FB856D6A8F7}.Release|Any CPU.ActiveCfg = Release|Any CPU
		{B024D054-B126-4782-A919-4FB856D6A8F7}.Release|Any CPU.Build.0 = Release|Any CPU
		{394E06E7-46DC-4AA6-9CB8-BF82FDCB82F1}.Debug|Any CPU.ActiveCfg = Debug|Any CPU
		{394E06E7-46DC-4AA6-9CB8-BF82FDCB82F1}.Debug|Any CPU.Build.0 = Debug|Any CPU
		{394E06E7-46DC-4AA6-9CB8-BF82FDCB82F1}.Release|Any CPU.ActiveCfg = Release|Any CPU
		{394E06E7-46DC-4AA6-9CB8-BF82FDCB82F1}.Release|Any CPU.Build.0 = Release|Any CPU
	EndGlobalSection
	GlobalSection(SolutionProperties) = preSolution
		HideSolutionNode = FALSE
	EndGlobalSection
EndGlobal
