
Microsoft Visual Studio Solution File, Format Version 12.00
# Visual Studio 14
VisualStudioVersion = 14.0.25123.0
MinimumVisualStudioVersion = 10.0.40219.1
Project("{FAE04EC0-301F-11D3-BF4B-00C04F79EFBC}") = "LessonTasks1", "LessonTasks1.csproj", "{3D85D017-4721-4EA9-BF1E-12E8B17057C7}"
EndProject
Project("{FAE04EC0-301F-11D3-BF4B-00C04F79EFBC}") = "LessonTask2", "..\LessonTask2\LessonTask2.csproj", "{8578D8B1-3D54-4899-B65D-2BAAFC137852}"
EndProject
Project("{FAE04EC0-301F-11D3-BF4B-00C04F79EFBC}") = "LessonTask3", "LessonTask3\LessonTask3.csproj", "{45245DA7-A53A-463E-BE8D-B1F7A1ABD2F9}"
EndProject
Project("{FAE04EC0-301F-11D3-BF4B-00C04F79EFBC}") = "LessonTask4", "LessonTask4\LessonTask4.csproj", "{A4B2E6D8-3D61-4675-A4AC-0E4C243DA8A9}"
EndProject
Project("{FAE04EC0-301F-11D3-BF4B-00C04F79EFBC}") = "LessonTask5", "LessonTask5\LessonTask5.csproj", "{D7DB2050-D044-45CC-ACE1-BB72EF8FE723}"
EndProject
Project("{FAE04EC0-301F-11D3-BF4B-00C04F79EFBC}") = "Lesson6", "Lesson6\Lesson6.csproj", "{9E14763C-82F4-435D-9B4D-86C02D9D26FD}"
EndProject
Global
	GlobalSection(SolutionConfigurationPlatforms) = preSolution
		Debug|Any CPU = Debug|Any CPU
		Release|Any CPU = Release|Any CPU
	EndGlobalSection
	GlobalSection(ProjectConfigurationPlatforms) = postSolution
		{3D85D017-4721-4EA9-BF1E-12E8B17057C7}.Debug|Any CPU.ActiveCfg = Debug|Any CPU
		{3D85D017-4721-4EA9-BF1E-12E8B17057C7}.Debug|Any CPU.Build.0 = Debug|Any CPU
		{3D85D017-4721-4EA9-BF1E-12E8B17057C7}.Release|Any CPU.ActiveCfg = Release|Any CPU
		{3D85D017-4721-4EA9-BF1E-12E8B17057C7}.Release|Any CPU.Build.0 = Release|Any CPU
		{8578D8B1-3D54-4899-B65D-2BAAFC137852}.Debug|Any CPU.ActiveCfg = Debug|Any CPU
		{8578D8B1-3D54-4899-B65D-2BAAFC137852}.Debug|Any CPU.Build.0 = Debug|Any CPU
		{8578D8B1-3D54-4899-B65D-2BAAFC137852}.Release|Any CPU.ActiveCfg = Release|Any CPU
		{8578D8B1-3D54-4899-B65D-2BAAFC137852}.Release|Any CPU.Build.0 = Release|Any CPU
		{45245DA7-A53A-463E-BE8D-B1F7A1ABD2F9}.Debug|Any CPU.ActiveCfg = Debug|Any CPU
		{45245DA7-A53A-463E-BE8D-B1F7A1ABD2F9}.Debug|Any CPU.Build.0 = Debug|Any CPU
		{45245DA7-A53A-463E-BE8D-B1F7A1ABD2F9}.Release|Any CPU.ActiveCfg = Release|Any CPU
		{45245DA7-A53A-463E-BE8D-B1F7A1ABD2F9}.Release|Any CPU.Build.0 = Release|Any CPU
		{A4B2E6D8-3D61-4675-A4AC-0E4C243DA8A9}.Debug|Any CPU.ActiveCfg = Debug|Any CPU
		{A4B2E6D8-3D61-4675-A4AC-0E4C243DA8A9}.Debug|Any CPU.Build.0 = Debug|Any CPU
		{A4B2E6D8-3D61-4675-A4AC-0E4C243DA8A9}.Release|Any CPU.ActiveCfg = Release|Any CPU
		{A4B2E6D8-3D61-4675-A4AC-0E4C243DA8A9}.Release|Any CPU.Build.0 = Release|Any CPU
		{D7DB2050-D044-45CC-ACE1-BB72EF8FE723}.Debug|Any CPU.ActiveCfg = Debug|Any CPU
		{D7DB2050-D044-45CC-ACE1-BB72EF8FE723}.Debug|Any CPU.Build.0 = Debug|Any CPU
		{D7DB2050-D044-45CC-ACE1-BB72EF8FE723}.Release|Any CPU.ActiveCfg = Release|Any CPU
		{D7DB2050-D044-45CC-ACE1-BB72EF8FE723}.Release|Any CPU.Build.0 = Release|Any CPU
		{9E14763C-82F4-435D-9B4D-86C02D9D26FD}.Debug|Any CPU.ActiveCfg = Debug|Any CPU
		{9E14763C-82F4-435D-9B4D-86C02D9D26FD}.Debug|Any CPU.Build.0 = Debug|Any CPU
		{9E14763C-82F4-435D-9B4D-86C02D9D26FD}.Release|Any CPU.ActiveCfg = Release|Any CPU
		{9E14763C-82F4-435D-9B4D-86C02D9D26FD}.Release|Any CPU.Build.0 = Release|Any CPU
	EndGlobalSection
	GlobalSection(SolutionProperties) = preSolution
		HideSolutionNode = FALSE
	EndGlobalSection
EndGlobal
