
Microsoft Visual Studio Solution File, Format Version 12.00
# Visual Studio 14
VisualStudioVersion = 14.0.25123.0
MinimumVisualStudioVersion = 10.0.40219.1
Project("{FAE04EC0-301F-11D3-BF4B-00C04F79EFBC}") = "UserRegistration", "UserRegistration\UserRegistration.csproj", "{C8668BB0-5041-4A98-ADE1-1D5269678F64}"
EndProject
Project("{FAE04EC0-301F-11D3-BF4B-00C04F79EFBC}") = "UserRegistrationTests", "UserRegistrationTests\UserRegistrationTests.csproj", "{A7C2E1E0-2419-4C13-B233-E41DBE5FAE04}"
EndProject
Global
	GlobalSection(SolutionConfigurationPlatforms) = preSolution
		Debug|Any CPU = Debug|Any CPU
		Release|Any CPU = Release|Any CPU
	EndGlobalSection
	GlobalSection(ProjectConfigurationPlatforms) = postSolution
		{C8668BB0-5041-4A98-ADE1-1D5269678F64}.Debug|Any CPU.ActiveCfg = Debug|Any CPU
		{C8668BB0-5041-4A98-ADE1-1D5269678F64}.Debug|Any CPU.Build.0 = Debug|Any CPU
		{C8668BB0-5041-4A98-ADE1-1D5269678F64}.Release|Any CPU.ActiveCfg = Release|Any CPU
		{C8668BB0-5041-4A98-ADE1-1D5269678F64}.Release|Any CPU.Build.0 = Release|Any CPU
		{A7C2E1E0-2419-4C13-B233-E41DBE5FAE04}.Debug|Any CPU.ActiveCfg = Debug|Any CPU
		{A7C2E1E0-2419-4C13-B233-E41DBE5FAE04}.Debug|Any CPU.Build.0 = Debug|Any CPU
		{A7C2E1E0-2419-4C13-B233-E41DBE5FAE04}.Release|Any CPU.ActiveCfg = Release|Any CPU
		{A7C2E1E0-2419-4C13-B233-E41DBE5FAE04}.Release|Any CPU.Build.0 = Release|Any CPU
	EndGlobalSection
	GlobalSection(SolutionProperties) = preSolution
		HideSolutionNode = FALSE
	EndGlobalSection
EndGlobal
