
Microsoft Visual Studio Solution File, Format Version 12.00
# Visual Studio 14
VisualStudioVersion = 14.0.25420.1
MinimumVisualStudioVersion = 10.0.40219.1
Project("{FAE04EC0-301F-11D3-BF4B-00C04F79EFBC}") = "WpfMailSender", "WpfTestMailSender\WpfMailSender.csproj", "{4E5E5DC0-349E-4F43-A87D-26651C6D8D91}"
EndProject
Project("{FAE04EC0-301F-11D3-BF4B-00C04F79EFBC}") = "UserControls", "TabSwitcher\UserControls.csproj", "{91D2140E-ABED-4145-981F-0F81BF2CBD37}"
EndProject
Project("{FAE04EC0-301F-11D3-BF4B-00C04F79EFBC}") = "EmailSenDerviceDLL", "EmailSenDerviceDLL\EmailSenDerviceDLL.csproj", "{D394CAC9-13BC-4615-89A3-9AE1EBB1E339}"
EndProject
Project("{FAE04EC0-301F-11D3-BF4B-00C04F79EFBC}") = "CodePassword.Test", "CodePassword.Test\CodePassword.Test.csproj", "{BAE99DCE-72F7-417D-9A4A-EC5922F58059}"
EndProject
Project("{FAE04EC0-301F-11D3-BF4B-00C04F79EFBC}") = "CodePasswordDLL", "CodePasswordDLL\CodePasswordDLL.csproj", "{9C7A3D5A-9CEA-4E3D-A4D4-8D291E507981}"
EndProject
Project("{FAE04EC0-301F-11D3-BF4B-00C04F79EFBC}") = "WpfMailSenderTests", "WpfMailSenderTests1\WpfMailSenderTests.csproj", "{F6688462-287D-4BFA-B076-0F8A71A34A1F}"
EndProject
Global
	GlobalSection(SolutionConfigurationPlatforms) = preSolution
		Debug|Any CPU = Debug|Any CPU
		Release|Any CPU = Release|Any CPU
	EndGlobalSection
	GlobalSection(ProjectConfigurationPlatforms) = postSolution
		{4E5E5DC0-349E-4F43-A87D-26651C6D8D91}.Debug|Any CPU.ActiveCfg = Debug|Any CPU
		{4E5E5DC0-349E-4F43-A87D-26651C6D8D91}.Debug|Any CPU.Build.0 = Debug|Any CPU
		{4E5E5DC0-349E-4F43-A87D-26651C6D8D91}.Release|Any CPU.ActiveCfg = Release|Any CPU
		{4E5E5DC0-349E-4F43-A87D-26651C6D8D91}.Release|Any CPU.Build.0 = Release|Any CPU
		{91D2140E-ABED-4145-981F-0F81BF2CBD37}.Debug|Any CPU.ActiveCfg = Debug|Any CPU
		{91D2140E-ABED-4145-981F-0F81BF2CBD37}.Debug|Any CPU.Build.0 = Debug|Any CPU
		{91D2140E-ABED-4145-981F-0F81BF2CBD37}.Release|Any CPU.ActiveCfg = Release|Any CPU
		{91D2140E-ABED-4145-981F-0F81BF2CBD37}.Release|Any CPU.Build.0 = Release|Any CPU
		{D394CAC9-13BC-4615-89A3-9AE1EBB1E339}.Debug|Any CPU.ActiveCfg = Debug|Any CPU
		{D394CAC9-13BC-4615-89A3-9AE1EBB1E339}.Debug|Any CPU.Build.0 = Debug|Any CPU
		{D394CAC9-13BC-4615-89A3-9AE1EBB1E339}.Release|Any CPU.ActiveCfg = Release|Any CPU
		{D394CAC9-13BC-4615-89A3-9AE1EBB1E339}.Release|Any CPU.Build.0 = Release|Any CPU
		{BAE99DCE-72F7-417D-9A4A-EC5922F58059}.Debug|Any CPU.ActiveCfg = Debug|Any CPU
		{BAE99DCE-72F7-417D-9A4A-EC5922F58059}.Debug|Any CPU.Build.0 = Debug|Any CPU
		{BAE99DCE-72F7-417D-9A4A-EC5922F58059}.Release|Any CPU.ActiveCfg = Release|Any CPU
		{BAE99DCE-72F7-417D-9A4A-EC5922F58059}.Release|Any CPU.Build.0 = Release|Any CPU
		{9C7A3D5A-9CEA-4E3D-A4D4-8D291E507981}.Debug|Any CPU.ActiveCfg = Debug|Any CPU
		{9C7A3D5A-9CEA-4E3D-A4D4-8D291E507981}.Debug|Any CPU.Build.0 = Debug|Any CPU
		{9C7A3D5A-9CEA-4E3D-A4D4-8D291E507981}.Release|Any CPU.ActiveCfg = Release|Any CPU
		{9C7A3D5A-9CEA-4E3D-A4D4-8D291E507981}.Release|Any CPU.Build.0 = Release|Any CPU
		{F6688462-287D-4BFA-B076-0F8A71A34A1F}.Debug|Any CPU.ActiveCfg = Debug|Any CPU
		{F6688462-287D-4BFA-B076-0F8A71A34A1F}.Debug|Any CPU.Build.0 = Debug|Any CPU
		{F6688462-287D-4BFA-B076-0F8A71A34A1F}.Release|Any CPU.ActiveCfg = Release|Any CPU
		{F6688462-287D-4BFA-B076-0F8A71A34A1F}.Release|Any CPU.Build.0 = Release|Any CPU
	EndGlobalSection
	GlobalSection(SolutionProperties) = preSolution
		HideSolutionNode = FALSE
	EndGlobalSection
EndGlobal
